
Microsoft Visual Studio Solution File, Format Version 12.00
# Visual Studio Version 17
VisualStudioVersion = 17.0.32112.339
MinimumVisualStudioVersion = 10.0.40219.1
Project("{FAE04EC0-301F-11D3-BF4B-00C04F79EFBC}") = "CRUD", "CRUD\CRUD.csproj", "{D0E7D07A-07A1-412D-B472-4D23EFD987C6}"
EndProject
Global
	GlobalSection(SolutionConfigurationPlatforms) = preSolution
		Debug|Any CPU = Debug|Any CPU
		Release|Any CPU = Release|Any CPU
	EndGlobalSection
	GlobalSection(ProjectConfigurationPlatforms) = postSolution
		{D0E7D07A-07A1-412D-B472-4D23EFD987C6}.Debug|Any CPU.ActiveCfg = Debug|Any CPU
		{D0E7D07A-07A1-412D-B472-4D23EFD987C6}.Debug|Any CPU.Build.0 = Debug|Any CPU
		{D0E7D07A-07A1-412D-B472-4D23EFD987C6}.Release|Any CPU.ActiveCfg = Release|Any CPU
		{D0E7D07A-07A1-412D-B472-4D23EFD987C6}.Release|Any CPU.Build.0 = Release|Any CPU
	EndGlobalSection
	GlobalSection(SolutionProperties) = preSolution
		HideSolutionNode = FALSE
	EndGlobalSection
	GlobalSection(ExtensibilityGlobals) = postSolution
		SolutionGuid = {17B6BFB9-CBAC-45F2-B985-441D281DCFE5}
	EndGlobalSection
EndGlobal
